
Microsoft Visual Studio Solution File, Format Version 12.00
# Visual Studio 2012
Project("{FAE04EC0-301F-11D3-BF4B-00C04F79EFBC}") = "StructureLightGenerator", "StructureLightGenerator\StructureLightGenerator.csproj", "{EDDEE1B1-FC21-4FE4-9BC9-D55FD4A543A7}"
EndProject
Global
	GlobalSection(SolutionConfigurationPlatforms) = preSolution
		Debug|Any CPU = Debug|Any CPU
		Release|Any CPU = Release|Any CPU
	EndGlobalSection
	GlobalSection(ProjectConfigurationPlatforms) = postSolution
		{EDDEE1B1-FC21-4FE4-9BC9-D55FD4A543A7}.Debug|Any CPU.ActiveCfg = Debug|Any CPU
		{EDDEE1B1-FC21-4FE4-9BC9-D55FD4A543A7}.Debug|Any CPU.Build.0 = Debug|Any CPU
		{EDDEE1B1-FC21-4FE4-9BC9-D55FD4A543A7}.Release|Any CPU.ActiveCfg = Release|Any CPU
		{EDDEE1B1-FC21-4FE4-9BC9-D55FD4A543A7}.Release|Any CPU.Build.0 = Release|Any CPU
	EndGlobalSection
	GlobalSection(SolutionProperties) = preSolution
		HideSolutionNode = FALSE
	EndGlobalSection
EndGlobal
