
Microsoft Visual Studio Solution File, Format Version 11.00
# Visual Studio 2010
Project("{FAE04EC0-301F-11D3-BF4B-00C04F79EFBC}") = "WpfApplication3", "WpfApplication3\WpfApplication3.csproj", "{c771b9e6-758e-402b-93f9-d0dec32d6150}"
EndProject
Global
	GlobalSection(SolutionConfigurationPlatforms) = preSolution
		Debug|Any CPU = Debug|Any CPU
		Release|Any CPU = Release|Any CPU
	EndGlobalSection
	GlobalSection(ProjectConfigurationPlatforms) = postSolution
		{C771B9E6-758E-402B-93F9-D0DEC32D6150}.Debug|Any CPU.ActiveCfg = Debug|Any CPU
		{C771B9E6-758E-402B-93F9-D0DEC32D6150}.Debug|Any CPU.Build.0 = Debug|Any CPU
		{C771B9E6-758E-402B-93F9-D0DEC32D6150}.Release|Any CPU.ActiveCfg = Release|Any CPU
		{C771B9E6-758E-402B-93F9-D0DEC32D6150}.Release|Any CPU.Build.0 = Release|Any CPU
	EndGlobalSection
EndGlobal
